
Microsoft Visual Studio Solution File, Format Version 12.00
# Visual Studio Version 17
VisualStudioVersion = 17.4.33213.308
MinimumVisualStudioVersion = 10.0.40219.1
Project("{FAE04EC0-301F-11D3-BF4B-00C04F79EFBC}") = "IntersysTaskDigitSum", "IntersysTaskDigitSum.csproj", "{3BAE8405-E343-4BF3-BE8D-E883FA3E43FD}"
EndProject
Global
	GlobalSection(SolutionConfigurationPlatforms) = preSolution
		Debug|Any CPU = Debug|Any CPU
		Release|Any CPU = Release|Any CPU
	EndGlobalSection
	GlobalSection(ProjectConfigurationPlatforms) = postSolution
		{3BAE8405-E343-4BF3-BE8D-E883FA3E43FD}.Debug|Any CPU.ActiveCfg = Debug|Any CPU
		{3BAE8405-E343-4BF3-BE8D-E883FA3E43FD}.Debug|Any CPU.Build.0 = Debug|Any CPU
		{3BAE8405-E343-4BF3-BE8D-E883FA3E43FD}.Release|Any CPU.ActiveCfg = Release|Any CPU
		{3BAE8405-E343-4BF3-BE8D-E883FA3E43FD}.Release|Any CPU.Build.0 = Release|Any CPU
	EndGlobalSection
	GlobalSection(SolutionProperties) = preSolution
		HideSolutionNode = FALSE
	EndGlobalSection
	GlobalSection(ExtensibilityGlobals) = postSolution
		SolutionGuid = {D597DD33-281A-4D69-9FBB-E104E114DB4E}
	EndGlobalSection
EndGlobal
